
Microsoft Visual Studio Solution File, Format Version 12.00
# Visual Studio Version 16
VisualStudioVersion = 16.0.30503.244
MinimumVisualStudioVersion = 10.0.40219.1
Project("{FAE04EC0-301F-11D3-BF4B-00C04F79EFBC}") = "dobbikovBlogBot", "dobbikovBlogBot\dobbikovBlogBot.csproj", "{5B91CD6D-57B8-41CD-B804-718EA0725909}"
EndProject
Global
	GlobalSection(SolutionConfigurationPlatforms) = preSolution
		Debug|Any CPU = Debug|Any CPU
		Release|Any CPU = Release|Any CPU
	EndGlobalSection
	GlobalSection(ProjectConfigurationPlatforms) = postSolution
		{5B91CD6D-57B8-41CD-B804-718EA0725909}.Debug|Any CPU.ActiveCfg = Debug|Any CPU
		{5B91CD6D-57B8-41CD-B804-718EA0725909}.Debug|Any CPU.Build.0 = Debug|Any CPU
		{5B91CD6D-57B8-41CD-B804-718EA0725909}.Release|Any CPU.ActiveCfg = Release|Any CPU
		{5B91CD6D-57B8-41CD-B804-718EA0725909}.Release|Any CPU.Build.0 = Release|Any CPU
	EndGlobalSection
	GlobalSection(SolutionProperties) = preSolution
		HideSolutionNode = FALSE
	EndGlobalSection
	GlobalSection(ExtensibilityGlobals) = postSolution
		SolutionGuid = {B0F0DE56-E6D3-40D1-9085-B2BA53E87F05}
	EndGlobalSection
EndGlobal
